
Microsoft Visual Studio Solution File, Format Version 12.00
# Visual Studio Version 16
VisualStudioVersion = 16.0.31911.196
MinimumVisualStudioVersion = 10.0.40219.1
Project("{FAE04EC0-301F-11D3-BF4B-00C04F79EFBC}") = "Imitation", "Imitation.csproj", "{A3DB972B-DB29-4C24-BEBF-783C60467450}"
EndProject
Global
	GlobalSection(SolutionConfigurationPlatforms) = preSolution
		Debug|Any CPU = Debug|Any CPU
		Release|Any CPU = Release|Any CPU
	EndGlobalSection
	GlobalSection(ProjectConfigurationPlatforms) = postSolution
		{A3DB972B-DB29-4C24-BEBF-783C60467450}.Debug|Any CPU.ActiveCfg = Debug|Any CPU
		{A3DB972B-DB29-4C24-BEBF-783C60467450}.Debug|Any CPU.Build.0 = Debug|Any CPU
		{A3DB972B-DB29-4C24-BEBF-783C60467450}.Release|Any CPU.ActiveCfg = Release|Any CPU
		{A3DB972B-DB29-4C24-BEBF-783C60467450}.Release|Any CPU.Build.0 = Release|Any CPU
	EndGlobalSection
	GlobalSection(SolutionProperties) = preSolution
		HideSolutionNode = FALSE
	EndGlobalSection
	GlobalSection(ExtensibilityGlobals) = postSolution
		SolutionGuid = {1773CEDE-41E6-4F3D-81B4-1BCDA4BB0961}
	EndGlobalSection
EndGlobal
